
Microsoft Visual Studio Solution File, Format Version 12.00
# Visual Studio Version 16
VisualStudioVersion = 16.0.31025.194
MinimumVisualStudioVersion = 10.0.40219.1
Project("{FAE04EC0-301F-11D3-BF4B-00C04F79EFBC}") = "A108222027_finalProject", "A108222027_finalProject\A108222027_finalProject.csproj", "{315B5A00-A604-409E-9A79-A93B1E21014C}"
EndProject
Global
	GlobalSection(SolutionConfigurationPlatforms) = preSolution
		Debug|Any CPU = Debug|Any CPU
		Release|Any CPU = Release|Any CPU
	EndGlobalSection
	GlobalSection(ProjectConfigurationPlatforms) = postSolution
		{315B5A00-A604-409E-9A79-A93B1E21014C}.Debug|Any CPU.ActiveCfg = Debug|Any CPU
		{315B5A00-A604-409E-9A79-A93B1E21014C}.Debug|Any CPU.Build.0 = Debug|Any CPU
		{315B5A00-A604-409E-9A79-A93B1E21014C}.Release|Any CPU.ActiveCfg = Release|Any CPU
		{315B5A00-A604-409E-9A79-A93B1E21014C}.Release|Any CPU.Build.0 = Release|Any CPU
	EndGlobalSection
	GlobalSection(SolutionProperties) = preSolution
		HideSolutionNode = FALSE
	EndGlobalSection
	GlobalSection(ExtensibilityGlobals) = postSolution
		SolutionGuid = {91B2A325-E458-407D-94BA-DC1638FDBE59}
	EndGlobalSection
EndGlobal
